
Microsoft Visual Studio Solution File, Format Version 12.00
# Visual Studio 15
VisualStudioVersion = 15.0.26430.16
MinimumVisualStudioVersion = 10.0.40219.1
Project("{FAE04EC0-301F-11D3-BF4B-00C04F79EFBC}") = "ForeignExchange4.Android", "ForeignExchange4\ForeignExchange4.Android\ForeignExchange4.Android.csproj", "{8983C874-DF53-4F04-981A-EC5902CB6EFA}"
EndProject
Project("{FAE04EC0-301F-11D3-BF4B-00C04F79EFBC}") = "ForeignExchange4", "ForeignExchange4\ForeignExchange4\ForeignExchange4.csproj", "{D025854B-722F-48B3-B9AA-57F948278B4D}"
EndProject
Project("{FAE04EC0-301F-11D3-BF4B-00C04F79EFBC}") = "ForeignExchange4.UWP", "ForeignExchange4\ForeignExchange4.UWP\ForeignExchange4.UWP.csproj", "{A46B3966-D4F9-40AC-8331-BACD40FEA58C}"
EndProject
Project("{FAE04EC0-301F-11D3-BF4B-00C04F79EFBC}") = "ForeignExchange4.iOS", "ForeignExchange4\ForeignExchange4.iOS\ForeignExchange4.iOS.csproj", "{ADF9F825-91AE-450F-9305-D7A6B30A0422}"
EndProject
Global
	GlobalSection(SolutionConfigurationPlatforms) = preSolution
		Ad-Hoc|Any CPU = Ad-Hoc|Any CPU
		Ad-Hoc|ARM = Ad-Hoc|ARM
		Ad-Hoc|iPhone = Ad-Hoc|iPhone
		Ad-Hoc|iPhoneSimulator = Ad-Hoc|iPhoneSimulator
		Ad-Hoc|x64 = Ad-Hoc|x64
		Ad-Hoc|x86 = Ad-Hoc|x86
		AppStore|Any CPU = AppStore|Any CPU
		AppStore|ARM = AppStore|ARM
		AppStore|iPhone = AppStore|iPhone
		AppStore|iPhoneSimulator = AppStore|iPhoneSimulator
		AppStore|x64 = AppStore|x64
		AppStore|x86 = AppStore|x86
		Debug|Any CPU = Debug|Any CPU
		Debug|ARM = Debug|ARM
		Debug|iPhone = Debug|iPhone
		Debug|iPhoneSimulator = Debug|iPhoneSimulator
		Debug|x64 = Debug|x64
		Debug|x86 = Debug|x86
		Release|Any CPU = Release|Any CPU
		Release|ARM = Release|ARM
		Release|iPhone = Release|iPhone
		Release|iPhoneSimulator = Release|iPhoneSimulator
		Release|x64 = Release|x64
		Release|x86 = Release|x86
	EndGlobalSection
	GlobalSection(ProjectConfigurationPlatforms) = postSolution
		{8983C874-DF53-4F04-981A-EC5902CB6EFA}.Ad-Hoc|Any CPU.ActiveCfg = Release|Any CPU
		{8983C874-DF53-4F04-981A-EC5902CB6EFA}.Ad-Hoc|Any CPU.Build.0 = Release|Any CPU
		{8983C874-DF53-4F04-981A-EC5902CB6EFA}.Ad-Hoc|Any CPU.Deploy.0 = Release|Any CPU
		{8983C874-DF53-4F04-981A-EC5902CB6EFA}.Ad-Hoc|ARM.ActiveCfg = Release|Any CPU
		{8983C874-DF53-4F04-981A-EC5902CB6EFA}.Ad-Hoc|ARM.Build.0 = Release|Any CPU
		{8983C874-DF53-4F04-981A-EC5902CB6EFA}.Ad-Hoc|ARM.Deploy.0 = Release|Any CPU
		{8983C874-DF53-4F04-981A-EC5902CB6EFA}.Ad-Hoc|iPhone.ActiveCfg = Release|Any CPU
		{8983C874-DF53-4F04-981A-EC5902CB6EFA}.Ad-Hoc|iPhone.Build.0 = Release|Any CPU
		{8983C874-DF53-4F04-981A-EC5902CB6EFA}.Ad-Hoc|iPhone.Deploy.0 = Release|Any CPU
		{8983C874-DF53-4F04-981A-EC5902CB6EFA}.Ad-Hoc|iPhoneSimulator.ActiveCfg = Release|Any CPU
		{8983C874-DF53-4F04-981A-EC5902CB6EFA}.Ad-Hoc|iPhoneSimulator.Build.0 = Release|Any CPU
		{8983C874-DF53-4F04-981A-EC5902CB6EFA}.Ad-Hoc|iPhoneSimulator.Deploy.0 = Release|Any CPU
		{8983C874-DF53-4F04-981A-EC5902CB6EFA}.Ad-Hoc|x64.ActiveCfg = Release|Any CPU
		{8983C874-DF53-4F04-981A-EC5902CB6EFA}.Ad-Hoc|x64.Build.0 = Release|Any CPU
		{8983C874-DF53-4F04-981A-EC5902CB6EFA}.Ad-Hoc|x64.Deploy.0 = Release|Any CPU
		{8983C874-DF53-4F04-981A-EC5902CB6EFA}.Ad-Hoc|x86.ActiveCfg = Release|Any CPU
		{8983C874-DF53-4F04-981A-EC5902CB6EFA}.Ad-Hoc|x86.Build.0 = Release|Any CPU
		{8983C874-DF53-4F04-981A-EC5902CB6EFA}.Ad-Hoc|x86.Deploy.0 = Release|Any CPU
		{8983C874-DF53-4F04-981A-EC5902CB6EFA}.AppStore|Any CPU.ActiveCfg = Release|Any CPU
		{8983C874-DF53-4F04-981A-EC5902CB6EFA}.AppStore|Any CPU.Build.0 = Release|Any CPU
		{8983C874-DF53-4F04-981A-EC5902CB6EFA}.AppStore|Any CPU.Deploy.0 = Release|Any CPU
		{8983C874-DF53-4F04-981A-EC5902CB6EFA}.AppStore|ARM.ActiveCfg = Release|Any CPU
		{8983C874-DF53-4F04-981A-EC5902CB6EFA}.AppStore|ARM.Build.0 = Release|Any CPU
		{8983C874-DF53-4F04-981A-EC5902CB6EFA}.AppStore|ARM.Deploy.0 = Release|Any CPU
		{8983C874-DF53-4F04-981A-EC5902CB6EFA}.AppStore|iPhone.ActiveCfg = Release|Any CPU
		{8983C874-DF53-4F04-981A-EC5902CB6EFA}.AppStore|iPhone.Build.0 = Release|Any CPU
		{8983C874-DF53-4F04-981A-EC5902CB6EFA}.AppStore|iPhone.Deploy.0 = Release|Any CPU
		{8983C874-DF53-4F04-981A-EC5902CB6EFA}.AppStore|iPhoneSimulator.ActiveCfg = Release|Any CPU
		{8983C874-DF53-4F04-981A-EC5902CB6EFA}.AppStore|iPhoneSimulator.Build.0 = Release|Any CPU
		{8983C874-DF53-4F04-981A-EC5902CB6EFA}.AppStore|iPhoneSimulator.Deploy.0 = Release|Any CPU
		{8983C874-DF53-4F04-981A-EC5902CB6EFA}.AppStore|x64.ActiveCfg = Release|Any CPU
		{8983C874-DF53-4F04-981A-EC5902CB6EFA}.AppStore|x64.Build.0 = Release|Any CPU
		{8983C874-DF53-4F04-981A-EC5902CB6EFA}.AppStore|x64.Deploy.0 = Release|Any CPU
		{8983C874-DF53-4F04-981A-EC5902CB6EFA}.AppStore|x86.ActiveCfg = Release|Any CPU
		{8983C874-DF53-4F04-981A-EC5902CB6EFA}.AppStore|x86.Build.0 = Release|Any CPU
		{8983C874-DF53-4F04-981A-EC5902CB6EFA}.AppStore|x86.Deploy.0 = Release|Any CPU
		{8983C874-DF53-4F04-981A-EC5902CB6EFA}.Debug|Any CPU.ActiveCfg = Debug|Any CPU
		{8983C874-DF53-4F04-981A-EC5902CB6EFA}.Debug|Any CPU.Build.0 = Debug|Any CPU
		{8983C874-DF53-4F04-981A-EC5902CB6EFA}.Debug|Any CPU.Deploy.0 = Debug|Any CPU
		{8983C874-DF53-4F04-981A-EC5902CB6EFA}.Debug|ARM.ActiveCfg = Debug|Any CPU
		{8983C874-DF53-4F04-981A-EC5902CB6EFA}.Debug|ARM.Build.0 = Debug|Any CPU
		{8983C874-DF53-4F04-981A-EC5902CB6EFA}.Debug|ARM.Deploy.0 = Debug|Any CPU
		{8983C874-DF53-4F04-981A-EC5902CB6EFA}.Debug|iPhone.ActiveCfg = Debug|Any CPU
		{8983C874-DF53-4F04-981A-EC5902CB6EFA}.Debug|iPhone.Build.0 = Debug|Any CPU
		{8983C874-DF53-4F04-981A-EC5902CB6EFA}.Debug|iPhone.Deploy.0 = Debug|Any CPU
		{8983C874-DF53-4F04-981A-EC5902CB6EFA}.Debug|iPhoneSimulator.ActiveCfg = Debug|Any CPU
		{8983C874-DF53-4F04-981A-EC5902CB6EFA}.Debug|iPhoneSimulator.Build.0 = Debug|Any CPU
		{8983C874-DF53-4F04-981A-EC5902CB6EFA}.Debug|iPhoneSimulator.Deploy.0 = Debug|Any CPU
		{8983C874-DF53-4F04-981A-EC5902CB6EFA}.Debug|x64.ActiveCfg = Debug|Any CPU
		{8983C874-DF53-4F04-981A-EC5902CB6EFA}.Debug|x64.Build.0 = Debug|Any CPU
		{8983C874-DF53-4F04-981A-EC5902CB6EFA}.Debug|x64.Deploy.0 = Debug|Any CPU
		{8983C874-DF53-4F04-981A-EC5902CB6EFA}.Debug|x86.ActiveCfg = Debug|Any CPU
		{8983C874-DF53-4F04-981A-EC5902CB6EFA}.Debug|x86.Build.0 = Debug|Any CPU
		{8983C874-DF53-4F04-981A-EC5902CB6EFA}.Debug|x86.Deploy.0 = Debug|Any CPU
		{8983C874-DF53-4F04-981A-EC5902CB6EFA}.Release|Any CPU.ActiveCfg = Release|Any CPU
		{8983C874-DF53-4F04-981A-EC5902CB6EFA}.Release|Any CPU.Build.0 = Release|Any CPU
		{8983C874-DF53-4F04-981A-EC5902CB6EFA}.Release|Any CPU.Deploy.0 = Release|Any CPU
		{8983C874-DF53-4F04-981A-EC5902CB6EFA}.Release|ARM.ActiveCfg = Release|Any CPU
		{8983C874-DF53-4F04-981A-EC5902CB6EFA}.Release|ARM.Build.0 = Release|Any CPU
		{8983C874-DF53-4F04-981A-EC5902CB6EFA}.Release|ARM.Deploy.0 = Release|Any CPU
		{8983C874-DF53-4F04-981A-EC5902CB6EFA}.Release|iPhone.ActiveCfg = Release|Any CPU
		{8983C874-DF53-4F04-981A-EC5902CB6EFA}.Release|iPhone.Build.0 = Release|Any CPU
		{8983C874-DF53-4F04-981A-EC5902CB6EFA}.Release|iPhone.Deploy.0 = Release|Any CPU
		{8983C874-DF53-4F04-981A-EC5902CB6EFA}.Release|iPhoneSimulator.ActiveCfg = Release|Any CPU
		{8983C874-DF53-4F04-981A-EC5902CB6EFA}.Release|iPhoneSimulator.Build.0 = Release|Any CPU
		{8983C874-DF53-4F04-981A-EC5902CB6EFA}.Release|iPhoneSimulator.Deploy.0 = Release|Any CPU
		{8983C874-DF53-4F04-981A-EC5902CB6EFA}.Release|x64.ActiveCfg = Release|Any CPU
		{8983C874-DF53-4F04-981A-EC5902CB6EFA}.Release|x64.Build.0 = Release|Any CPU
		{8983C874-DF53-4F04-981A-EC5902CB6EFA}.Release|x64.Deploy.0 = Release|Any CPU
		{8983C874-DF53-4F04-981A-EC5902CB6EFA}.Release|x86.ActiveCfg = Release|Any CPU
		{8983C874-DF53-4F04-981A-EC5902CB6EFA}.Release|x86.Build.0 = Release|Any CPU
		{8983C874-DF53-4F04-981A-EC5902CB6EFA}.Release|x86.Deploy.0 = Release|Any CPU
		{D025854B-722F-48B3-B9AA-57F948278B4D}.Ad-Hoc|Any CPU.ActiveCfg = Release|Any CPU
		{D025854B-722F-48B3-B9AA-57F948278B4D}.Ad-Hoc|Any CPU.Build.0 = Release|Any CPU
		{D025854B-722F-48B3-B9AA-57F948278B4D}.Ad-Hoc|ARM.ActiveCfg = Release|Any CPU
		{D025854B-722F-48B3-B9AA-57F948278B4D}.Ad-Hoc|ARM.Build.0 = Release|Any CPU
		{D025854B-722F-48B3-B9AA-57F948278B4D}.Ad-Hoc|iPhone.ActiveCfg = Release|Any CPU
		{D025854B-722F-48B3-B9AA-57F948278B4D}.Ad-Hoc|iPhone.Build.0 = Release|Any CPU
		{D025854B-722F-48B3-B9AA-57F948278B4D}.Ad-Hoc|iPhoneSimulator.ActiveCfg = Release|Any CPU
		{D025854B-722F-48B3-B9AA-57F948278B4D}.Ad-Hoc|iPhoneSimulator.Build.0 = Release|Any CPU
		{D025854B-722F-48B3-B9AA-57F948278B4D}.Ad-Hoc|x64.ActiveCfg = Release|Any CPU
		{D025854B-722F-48B3-B9AA-57F948278B4D}.Ad-Hoc|x64.Build.0 = Release|Any CPU
		{D025854B-722F-48B3-B9AA-57F948278B4D}.Ad-Hoc|x86.ActiveCfg = Release|Any CPU
		{D025854B-722F-48B3-B9AA-57F948278B4D}.Ad-Hoc|x86.Build.0 = Release|Any CPU
		{D025854B-722F-48B3-B9AA-57F948278B4D}.AppStore|Any CPU.ActiveCfg = Release|Any CPU
		{D025854B-722F-48B3-B9AA-57F948278B4D}.AppStore|Any CPU.Build.0 = Release|Any CPU
		{D025854B-722F-48B3-B9AA-57F948278B4D}.AppStore|ARM.ActiveCfg = Release|Any CPU
		{D025854B-722F-48B3-B9AA-57F948278B4D}.AppStore|ARM.Build.0 = Release|Any CPU
		{D025854B-722F-48B3-B9AA-57F948278B4D}.AppStore|iPhone.ActiveCfg = Release|Any CPU
		{D025854B-722F-48B3-B9AA-57F948278B4D}.AppStore|iPhone.Build.0 = Release|Any CPU
		{D025854B-722F-48B3-B9AA-57F948278B4D}.AppStore|iPhoneSimulator.ActiveCfg = Release|Any CPU
		{D025854B-722F-48B3-B9AA-57F948278B4D}.AppStore|iPhoneSimulator.Build.0 = Release|Any CPU
		{D025854B-722F-48B3-B9AA-57F948278B4D}.AppStore|x64.ActiveCfg = Release|Any CPU
		{D025854B-722F-48B3-B9AA-57F948278B4D}.AppStore|x64.Build.0 = Release|Any CPU
		{D025854B-722F-48B3-B9AA-57F948278B4D}.AppStore|x86.ActiveCfg = Release|Any CPU
		{D025854B-722F-48B3-B9AA-57F948278B4D}.AppStore|x86.Build.0 = Release|Any CPU
		{D025854B-722F-48B3-B9AA-57F948278B4D}.Debug|Any CPU.ActiveCfg = Debug|Any CPU
		{D025854B-722F-48B3-B9AA-57F948278B4D}.Debug|Any CPU.Build.0 = Debug|Any CPU
		{D025854B-722F-48B3-B9AA-57F948278B4D}.Debug|ARM.ActiveCfg = Debug|Any CPU
		{D025854B-722F-48B3-B9AA-57F948278B4D}.Debug|ARM.Build.0 = Debug|Any CPU
		{D025854B-722F-48B3-B9AA-57F948278B4D}.Debug|iPhone.ActiveCfg = Debug|Any CPU
		{D025854B-722F-48B3-B9AA-57F948278B4D}.Debug|iPhone.Build.0 = Debug|Any CPU
		{D025854B-722F-48B3-B9AA-57F948278B4D}.Debug|iPhoneSimulator.ActiveCfg = Debug|Any CPU
		{D025854B-722F-48B3-B9AA-57F948278B4D}.Debug|iPhoneSimulator.Build.0 = Debug|Any CPU
		{D025854B-722F-48B3-B9AA-57F948278B4D}.Debug|x64.ActiveCfg = Debug|Any CPU
		{D025854B-722F-48B3-B9AA-57F948278B4D}.Debug|x64.Build.0 = Debug|Any CPU
		{D025854B-722F-48B3-B9AA-57F948278B4D}.Debug|x86.ActiveCfg = Debug|Any CPU
		{D025854B-722F-48B3-B9AA-57F948278B4D}.Debug|x86.Build.0 = Debug|Any CPU
		{D025854B-722F-48B3-B9AA-57F948278B4D}.Release|Any CPU.ActiveCfg = Release|Any CPU
		{D025854B-722F-48B3-B9AA-57F948278B4D}.Release|Any CPU.Build.0 = Release|Any CPU
		{D025854B-722F-48B3-B9AA-57F948278B4D}.Release|ARM.ActiveCfg = Release|Any CPU
		{D025854B-722F-48B3-B9AA-57F948278B4D}.Release|ARM.Build.0 = Release|Any CPU
		{D025854B-722F-48B3-B9AA-57F948278B4D}.Release|iPhone.ActiveCfg = Release|Any CPU
		{D025854B-722F-48B3-B9AA-57F948278B4D}.Release|iPhone.Build.0 = Release|Any CPU
		{D025854B-722F-48B3-B9AA-57F948278B4D}.Release|iPhoneSimulator.ActiveCfg = Release|Any CPU
		{D025854B-722F-48B3-B9AA-57F948278B4D}.Release|iPhoneSimulator.Build.0 = Release|Any CPU
		{D025854B-722F-48B3-B9AA-57F948278B4D}.Release|x64.ActiveCfg = Release|Any CPU
		{D025854B-722F-48B3-B9AA-57F948278B4D}.Release|x64.Build.0 = Release|Any CPU
		{D025854B-722F-48B3-B9AA-57F948278B4D}.Release|x86.ActiveCfg = Release|Any CPU
		{D025854B-722F-48B3-B9AA-57F948278B4D}.Release|x86.Build.0 = Release|Any CPU
		{A46B3966-D4F9-40AC-8331-BACD40FEA58C}.Ad-Hoc|Any CPU.ActiveCfg = Release|x86
		{A46B3966-D4F9-40AC-8331-BACD40FEA58C}.Ad-Hoc|Any CPU.Build.0 = Release|x86
		{A46B3966-D4F9-40AC-8331-BACD40FEA58C}.Ad-Hoc|Any CPU.Deploy.0 = Release|x86
		{A46B3966-D4F9-40AC-8331-BACD40FEA58C}.Ad-Hoc|ARM.ActiveCfg = Release|ARM
		{A46B3966-D4F9-40AC-8331-BACD40FEA58C}.Ad-Hoc|ARM.Build.0 = Release|ARM
		{A46B3966-D4F9-40AC-8331-BACD40FEA58C}.Ad-Hoc|ARM.Deploy.0 = Release|ARM
		{A46B3966-D4F9-40AC-8331-BACD40FEA58C}.Ad-Hoc|iPhone.ActiveCfg = Release|x86
		{A46B3966-D4F9-40AC-8331-BACD40FEA58C}.Ad-Hoc|iPhone.Build.0 = Release|x86
		{A46B3966-D4F9-40AC-8331-BACD40FEA58C}.Ad-Hoc|iPhone.Deploy.0 = Release|x86
		{A46B3966-D4F9-40AC-8331-BACD40FEA58C}.Ad-Hoc|iPhoneSimulator.ActiveCfg = Release|x86
		{A46B3966-D4F9-40AC-8331-BACD40FEA58C}.Ad-Hoc|iPhoneSimulator.Build.0 = Release|x86
		{A46B3966-D4F9-40AC-8331-BACD40FEA58C}.Ad-Hoc|iPhoneSimulator.Deploy.0 = Release|x86
		{A46B3966-D4F9-40AC-8331-BACD40FEA58C}.Ad-Hoc|x64.ActiveCfg = Release|x64
		{A46B3966-D4F9-40AC-8331-BACD40FEA58C}.Ad-Hoc|x64.Build.0 = Release|x64
		{A46B3966-D4F9-40AC-8331-BACD40FEA58C}.Ad-Hoc|x64.Deploy.0 = Release|x64
		{A46B3966-D4F9-40AC-8331-BACD40FEA58C}.Ad-Hoc|x86.ActiveCfg = Release|x86
		{A46B3966-D4F9-40AC-8331-BACD40FEA58C}.Ad-Hoc|x86.Build.0 = Release|x86
		{A46B3966-D4F9-40AC-8331-BACD40FEA58C}.Ad-Hoc|x86.Deploy.0 = Release|x86
		{A46B3966-D4F9-40AC-8331-BACD40FEA58C}.AppStore|Any CPU.ActiveCfg = Release|x86
		{A46B3966-D4F9-40AC-8331-BACD40FEA58C}.AppStore|Any CPU.Build.0 = Release|x86
		{A46B3966-D4F9-40AC-8331-BACD40FEA58C}.AppStore|Any CPU.Deploy.0 = Release|x86
		{A46B3966-D4F9-40AC-8331-BACD40FEA58C}.AppStore|ARM.ActiveCfg = Release|ARM
		{A46B3966-D4F9-40AC-8331-BACD40FEA58C}.AppStore|ARM.Build.0 = Release|ARM
		{A46B3966-D4F9-40AC-8331-BACD40FEA58C}.AppStore|ARM.Deploy.0 = Release|ARM
		{A46B3966-D4F9-40AC-8331-BACD40FEA58C}.AppStore|iPhone.ActiveCfg = Release|x86
		{A46B3966-D4F9-40AC-8331-BACD40FEA58C}.AppStore|iPhone.Build.0 = Release|x86
		{A46B3966-D4F9-40AC-8331-BACD40FEA58C}.AppStore|iPhone.Deploy.0 = Release|x86
		{A46B3966-D4F9-40AC-8331-BACD40FEA58C}.AppStore|iPhoneSimulator.ActiveCfg = Release|x86
		{A46B3966-D4F9-40AC-8331-BACD40FEA58C}.AppStore|iPhoneSimulator.Build.0 = Release|x86
		{A46B3966-D4F9-40AC-8331-BACD40FEA58C}.AppStore|iPhoneSimulator.Deploy.0 = Release|x86
		{A46B3966-D4F9-40AC-8331-BACD40FEA58C}.AppStore|x64.ActiveCfg = Release|x64
		{A46B3966-D4F9-40AC-8331-BACD40FEA58C}.AppStore|x64.Build.0 = Release|x64
		{A46B3966-D4F9-40AC-8331-BACD40FEA58C}.AppStore|x64.Deploy.0 = Release|x64
		{A46B3966-D4F9-40AC-8331-BACD40FEA58C}.AppStore|x86.ActiveCfg = Release|x86
		{A46B3966-D4F9-40AC-8331-BACD40FEA58C}.AppStore|x86.Build.0 = Release|x86
		{A46B3966-D4F9-40AC-8331-BACD40FEA58C}.AppStore|x86.Deploy.0 = Release|x86
		{A46B3966-D4F9-40AC-8331-BACD40FEA58C}.Debug|Any CPU.ActiveCfg = Debug|x86
		{A46B3966-D4F9-40AC-8331-BACD40FEA58C}.Debug|Any CPU.Build.0 = Debug|x86
		{A46B3966-D4F9-40AC-8331-BACD40FEA58C}.Debug|Any CPU.Deploy.0 = Debug|x86
		{A46B3966-D4F9-40AC-8331-BACD40FEA58C}.Debug|ARM.ActiveCfg = Debug|ARM
		{A46B3966-D4F9-40AC-8331-BACD40FEA58C}.Debug|ARM.Build.0 = Debug|ARM
		{A46B3966-D4F9-40AC-8331-BACD40FEA58C}.Debug|ARM.Deploy.0 = Debug|ARM
		{A46B3966-D4F9-40AC-8331-BACD40FEA58C}.Debug|iPhone.ActiveCfg = Debug|x86
		{A46B3966-D4F9-40AC-8331-BACD40FEA58C}.Debug|iPhoneSimulator.ActiveCfg = Debug|x86
		{A46B3966-D4F9-40AC-8331-BACD40FEA58C}.Debug|x64.ActiveCfg = Debug|x64
		{A46B3966-D4F9-40AC-8331-BACD40FEA58C}.Debug|x64.Build.0 = Debug|x64
		{A46B3966-D4F9-40AC-8331-BACD40FEA58C}.Debug|x64.Deploy.0 = Debug|x64
		{A46B3966-D4F9-40AC-8331-BACD40FEA58C}.Debug|x86.ActiveCfg = Debug|x86
		{A46B3966-D4F9-40AC-8331-BACD40FEA58C}.Debug|x86.Build.0 = Debug|x86
		{A46B3966-D4F9-40AC-8331-BACD40FEA58C}.Debug|x86.Deploy.0 = Debug|x86
		{A46B3966-D4F9-40AC-8331-BACD40FEA58C}.Release|Any CPU.ActiveCfg = Release|x86
		{A46B3966-D4F9-40AC-8331-BACD40FEA58C}.Release|ARM.ActiveCfg = Release|ARM
		{A46B3966-D4F9-40AC-8331-BACD40FEA58C}.Release|ARM.Build.0 = Release|ARM
		{A46B3966-D4F9-40AC-8331-BACD40FEA58C}.Release|ARM.Deploy.0 = Release|ARM
		{A46B3966-D4F9-40AC-8331-BACD40FEA58C}.Release|iPhone.ActiveCfg = Release|x86
		{A46B3966-D4F9-40AC-8331-BACD40FEA58C}.Release|iPhoneSimulator.ActiveCfg = Release|x86
		{A46B3966-D4F9-40AC-8331-BACD40FEA58C}.Release|x64.ActiveCfg = Release|x64
		{A46B3966-D4F9-40AC-8331-BACD40FEA58C}.Release|x64.Build.0 = Release|x64
		{A46B3966-D4F9-40AC-8331-BACD40FEA58C}.Release|x64.Deploy.0 = Release|x64
		{A46B3966-D4F9-40AC-8331-BACD40FEA58C}.Release|x86.ActiveCfg = Release|x86
		{A46B3966-D4F9-40AC-8331-BACD40FEA58C}.Release|x86.Build.0 = Release|x86
		{A46B3966-D4F9-40AC-8331-BACD40FEA58C}.Release|x86.Deploy.0 = Release|x86
		{ADF9F825-91AE-450F-9305-D7A6B30A0422}.Ad-Hoc|Any CPU.ActiveCfg = Ad-Hoc|iPhone
		{ADF9F825-91AE-450F-9305-D7A6B30A0422}.Ad-Hoc|ARM.ActiveCfg = Ad-Hoc|iPhone
		{ADF9F825-91AE-450F-9305-D7A6B30A0422}.Ad-Hoc|iPhone.ActiveCfg = Ad-Hoc|iPhone
		{ADF9F825-91AE-450F-9305-D7A6B30A0422}.Ad-Hoc|iPhone.Build.0 = Ad-Hoc|iPhone
		{ADF9F825-91AE-450F-9305-D7A6B30A0422}.Ad-Hoc|iPhoneSimulator.ActiveCfg = Ad-Hoc|iPhoneSimulator
		{ADF9F825-91AE-450F-9305-D7A6B30A0422}.Ad-Hoc|iPhoneSimulator.Build.0 = Ad-Hoc|iPhoneSimulator
		{ADF9F825-91AE-450F-9305-D7A6B30A0422}.Ad-Hoc|x64.ActiveCfg = Ad-Hoc|iPhone
		{ADF9F825-91AE-450F-9305-D7A6B30A0422}.Ad-Hoc|x86.ActiveCfg = Ad-Hoc|iPhone
		{ADF9F825-91AE-450F-9305-D7A6B30A0422}.AppStore|Any CPU.ActiveCfg = AppStore|iPhone
		{ADF9F825-91AE-450F-9305-D7A6B30A0422}.AppStore|ARM.ActiveCfg = AppStore|iPhone
		{ADF9F825-91AE-450F-9305-D7A6B30A0422}.AppStore|iPhone.ActiveCfg = AppStore|iPhone
		{ADF9F825-91AE-450F-9305-D7A6B30A0422}.AppStore|iPhone.Build.0 = AppStore|iPhone
		{ADF9F825-91AE-450F-9305-D7A6B30A0422}.AppStore|iPhoneSimulator.ActiveCfg = AppStore|iPhoneSimulator
		{ADF9F825-91AE-450F-9305-D7A6B30A0422}.AppStore|iPhoneSimulator.Build.0 = AppStore|iPhoneSimulator
		{ADF9F825-91AE-450F-9305-D7A6B30A0422}.AppStore|x64.ActiveCfg = AppStore|iPhone
		{ADF9F825-91AE-450F-9305-D7A6B30A0422}.AppStore|x86.ActiveCfg = AppStore|iPhone
		{ADF9F825-91AE-450F-9305-D7A6B30A0422}.Debug|Any CPU.ActiveCfg = Debug|iPhone
		{ADF9F825-91AE-450F-9305-D7A6B30A0422}.Debug|ARM.ActiveCfg = Debug|iPhone
		{ADF9F825-91AE-450F-9305-D7A6B30A0422}.Debug|iPhone.ActiveCfg = Debug|iPhone
		{ADF9F825-91AE-450F-9305-D7A6B30A0422}.Debug|iPhone.Build.0 = Debug|iPhone
		{ADF9F825-91AE-450F-9305-D7A6B30A0422}.Debug|iPhoneSimulator.ActiveCfg = Debug|iPhoneSimulator
		{ADF9F825-91AE-450F-9305-D7A6B30A0422}.Debug|iPhoneSimulator.Build.0 = Debug|iPhoneSimulator
		{ADF9F825-91AE-450F-9305-D7A6B30A0422}.Debug|x64.ActiveCfg = Debug|iPhone
		{ADF9F825-91AE-450F-9305-D7A6B30A0422}.Debug|x86.ActiveCfg = Debug|iPhone
		{ADF9F825-91AE-450F-9305-D7A6B30A0422}.Release|Any CPU.ActiveCfg = Release|iPhone
		{ADF9F825-91AE-450F-9305-D7A6B30A0422}.Release|ARM.ActiveCfg = Release|iPhone
		{ADF9F825-91AE-450F-9305-D7A6B30A0422}.Release|iPhone.ActiveCfg = Release|iPhone
		{ADF9F825-91AE-450F-9305-D7A6B30A0422}.Release|iPhone.Build.0 = Release|iPhone
		{ADF9F825-91AE-450F-9305-D7A6B30A0422}.Release|iPhoneSimulator.ActiveCfg = Release|iPhoneSimulator
		{ADF9F825-91AE-450F-9305-D7A6B30A0422}.Release|iPhoneSimulator.Build.0 = Release|iPhoneSimulator
		{ADF9F825-91AE-450F-9305-D7A6B30A0422}.Release|x64.ActiveCfg = Release|iPhone
		{ADF9F825-91AE-450F-9305-D7A6B30A0422}.Release|x86.ActiveCfg = Release|iPhone
	EndGlobalSection
	GlobalSection(SolutionProperties) = preSolution
		HideSolutionNode = FALSE
	EndGlobalSection
EndGlobal
